
Microsoft Visual Studio Solution File, Format Version 12.00
# Visual Studio Version 17
VisualStudioVersion = 17.9.34723.18
MinimumVisualStudioVersion = 10.0.40219.1
Project("{FAE04EC0-301F-11D3-BF4B-00C04F79EFBC}") = "gpaucarS1", "gpaucarS1.csproj", "{6BC9D45D-EFCA-4220-B2CC-548708415346}"
EndProject
Global
	GlobalSection(SolutionConfigurationPlatforms) = preSolution
		Debug|Any CPU = Debug|Any CPU
		Release|Any CPU = Release|Any CPU
	EndGlobalSection
	GlobalSection(ProjectConfigurationPlatforms) = postSolution
		{6BC9D45D-EFCA-4220-B2CC-548708415346}.Debug|Any CPU.ActiveCfg = Debug|Any CPU
		{6BC9D45D-EFCA-4220-B2CC-548708415346}.Debug|Any CPU.Build.0 = Debug|Any CPU
		{6BC9D45D-EFCA-4220-B2CC-548708415346}.Debug|Any CPU.Deploy.0 = Debug|Any CPU
		{6BC9D45D-EFCA-4220-B2CC-548708415346}.Release|Any CPU.ActiveCfg = Release|Any CPU
		{6BC9D45D-EFCA-4220-B2CC-548708415346}.Release|Any CPU.Build.0 = Release|Any CPU
		{6BC9D45D-EFCA-4220-B2CC-548708415346}.Release|Any CPU.Deploy.0 = Release|Any CPU
	EndGlobalSection
	GlobalSection(SolutionProperties) = preSolution
		HideSolutionNode = FALSE
	EndGlobalSection
	GlobalSection(ExtensibilityGlobals) = postSolution
		SolutionGuid = {47349F9B-D842-4F6A-979F-07EC1E9462E9}
	EndGlobalSection
EndGlobal
